
Microsoft Visual Studio Solution File, Format Version 12.00
# Visual Studio 14
VisualStudioVersion = 14.0.24720.0
MinimumVisualStudioVersion = 10.0.40219.1
Project("{FAE04EC0-301F-11D3-BF4B-00C04F79EFBC}") = "Sandbox", "Sandbox\Sandbox.csproj", "{8657A4C5-C0AB-4C43-836A-71D77FDF61D9}"
EndProject
Project("{FAE04EC0-301F-11D3-BF4B-00C04F79EFBC}") = "MyCustomControls", "MyCustomControls\MyCustomControls.csproj", "{8307C62E-F864-4722-8E85-9A5C2F9248F0}"
EndProject
Global
	GlobalSection(SolutionConfigurationPlatforms) = preSolution
		Debug|Any CPU = Debug|Any CPU
		Release|Any CPU = Release|Any CPU
	EndGlobalSection
	GlobalSection(ProjectConfigurationPlatforms) = postSolution
		{8657A4C5-C0AB-4C43-836A-71D77FDF61D9}.Debug|Any CPU.ActiveCfg = Debug|Any CPU
		{8657A4C5-C0AB-4C43-836A-71D77FDF61D9}.Debug|Any CPU.Build.0 = Debug|Any CPU
		{8657A4C5-C0AB-4C43-836A-71D77FDF61D9}.Release|Any CPU.ActiveCfg = Release|Any CPU
		{8657A4C5-C0AB-4C43-836A-71D77FDF61D9}.Release|Any CPU.Build.0 = Release|Any CPU
		{8307C62E-F864-4722-8E85-9A5C2F9248F0}.Debug|Any CPU.ActiveCfg = Debug|Any CPU
		{8307C62E-F864-4722-8E85-9A5C2F9248F0}.Debug|Any CPU.Build.0 = Debug|Any CPU
		{8307C62E-F864-4722-8E85-9A5C2F9248F0}.Release|Any CPU.ActiveCfg = Release|Any CPU
		{8307C62E-F864-4722-8E85-9A5C2F9248F0}.Release|Any CPU.Build.0 = Release|Any CPU
	EndGlobalSection
	GlobalSection(SolutionProperties) = preSolution
		HideSolutionNode = FALSE
	EndGlobalSection
EndGlobal
